
Microsoft Visual Studio Solution File, Format Version 12.00
# Visual Studio 14
VisualStudioVersion = 14.0.25420.1
MinimumVisualStudioVersion = 10.0.40219.1
Project("{FAE04EC0-301F-11D3-BF4B-00C04F79EFBC}") = "test", "test\test\test.csproj", "{EAC152FA-E501-4823-B812-EB7EE4679FC7}"
EndProject
Project("{FAE04EC0-301F-11D3-BF4B-00C04F79EFBC}") = "test.Droid", "test\test.Droid\test.Droid.csproj", "{94F3D321-76EC-48DA-B7F5-0E2910C4351A}"
EndProject
Project("{FAE04EC0-301F-11D3-BF4B-00C04F79EFBC}") = "test.iOS", "test\test.iOS\test.iOS.csproj", "{2FDD1647-BAE8-4F85-A060-6CC993D56D5C}"
EndProject
Global
	GlobalSection(SolutionConfigurationPlatforms) = preSolution
		Ad-Hoc|Any CPU = Ad-Hoc|Any CPU
		Ad-Hoc|iPhone = Ad-Hoc|iPhone
		Ad-Hoc|iPhoneSimulator = Ad-Hoc|iPhoneSimulator
		AppStore|Any CPU = AppStore|Any CPU
		AppStore|iPhone = AppStore|iPhone
		AppStore|iPhoneSimulator = AppStore|iPhoneSimulator
		Debug|Any CPU = Debug|Any CPU
		Debug|iPhone = Debug|iPhone
		Debug|iPhoneSimulator = Debug|iPhoneSimulator
		Release|Any CPU = Release|Any CPU
		Release|iPhone = Release|iPhone
		Release|iPhoneSimulator = Release|iPhoneSimulator
	EndGlobalSection
	GlobalSection(ProjectConfigurationPlatforms) = postSolution
		{EAC152FA-E501-4823-B812-EB7EE4679FC7}.Ad-Hoc|Any CPU.ActiveCfg = Release|Any CPU
		{EAC152FA-E501-4823-B812-EB7EE4679FC7}.Ad-Hoc|Any CPU.Build.0 = Release|Any CPU
		{EAC152FA-E501-4823-B812-EB7EE4679FC7}.Ad-Hoc|iPhone.ActiveCfg = Release|Any CPU
		{EAC152FA-E501-4823-B812-EB7EE4679FC7}.Ad-Hoc|iPhone.Build.0 = Release|Any CPU
		{EAC152FA-E501-4823-B812-EB7EE4679FC7}.Ad-Hoc|iPhoneSimulator.ActiveCfg = Release|Any CPU
		{EAC152FA-E501-4823-B812-EB7EE4679FC7}.Ad-Hoc|iPhoneSimulator.Build.0 = Release|Any CPU
		{EAC152FA-E501-4823-B812-EB7EE4679FC7}.AppStore|Any CPU.ActiveCfg = Release|Any CPU
		{EAC152FA-E501-4823-B812-EB7EE4679FC7}.AppStore|Any CPU.Build.0 = Release|Any CPU
		{EAC152FA-E501-4823-B812-EB7EE4679FC7}.AppStore|iPhone.ActiveCfg = Release|Any CPU
		{EAC152FA-E501-4823-B812-EB7EE4679FC7}.AppStore|iPhone.Build.0 = Release|Any CPU
		{EAC152FA-E501-4823-B812-EB7EE4679FC7}.AppStore|iPhoneSimulator.ActiveCfg = Release|Any CPU
		{EAC152FA-E501-4823-B812-EB7EE4679FC7}.AppStore|iPhoneSimulator.Build.0 = Release|Any CPU
		{EAC152FA-E501-4823-B812-EB7EE4679FC7}.Debug|Any CPU.ActiveCfg = Debug|Any CPU
		{EAC152FA-E501-4823-B812-EB7EE4679FC7}.Debug|Any CPU.Build.0 = Debug|Any CPU
		{EAC152FA-E501-4823-B812-EB7EE4679FC7}.Debug|iPhone.ActiveCfg = Debug|Any CPU
		{EAC152FA-E501-4823-B812-EB7EE4679FC7}.Debug|iPhone.Build.0 = Debug|Any CPU
		{EAC152FA-E501-4823-B812-EB7EE4679FC7}.Debug|iPhoneSimulator.ActiveCfg = Debug|Any CPU
		{EAC152FA-E501-4823-B812-EB7EE4679FC7}.Debug|iPhoneSimulator.Build.0 = Debug|Any CPU
		{EAC152FA-E501-4823-B812-EB7EE4679FC7}.Release|Any CPU.ActiveCfg = Release|Any CPU
		{EAC152FA-E501-4823-B812-EB7EE4679FC7}.Release|Any CPU.Build.0 = Release|Any CPU
		{EAC152FA-E501-4823-B812-EB7EE4679FC7}.Release|iPhone.ActiveCfg = Release|Any CPU
		{EAC152FA-E501-4823-B812-EB7EE4679FC7}.Release|iPhone.Build.0 = Release|Any CPU
		{EAC152FA-E501-4823-B812-EB7EE4679FC7}.Release|iPhoneSimulator.ActiveCfg = Release|Any CPU
		{EAC152FA-E501-4823-B812-EB7EE4679FC7}.Release|iPhoneSimulator.Build.0 = Release|Any CPU
		{94F3D321-76EC-48DA-B7F5-0E2910C4351A}.Ad-Hoc|Any CPU.ActiveCfg = Release|Any CPU
		{94F3D321-76EC-48DA-B7F5-0E2910C4351A}.Ad-Hoc|Any CPU.Build.0 = Release|Any CPU
		{94F3D321-76EC-48DA-B7F5-0E2910C4351A}.Ad-Hoc|Any CPU.Deploy.0 = Release|Any CPU
		{94F3D321-76EC-48DA-B7F5-0E2910C4351A}.Ad-Hoc|iPhone.ActiveCfg = Release|Any CPU
		{94F3D321-76EC-48DA-B7F5-0E2910C4351A}.Ad-Hoc|iPhone.Build.0 = Release|Any CPU
		{94F3D321-76EC-48DA-B7F5-0E2910C4351A}.Ad-Hoc|iPhone.Deploy.0 = Release|Any CPU
		{94F3D321-76EC-48DA-B7F5-0E2910C4351A}.Ad-Hoc|iPhoneSimulator.ActiveCfg = Release|Any CPU
		{94F3D321-76EC-48DA-B7F5-0E2910C4351A}.Ad-Hoc|iPhoneSimulator.Build.0 = Release|Any CPU
		{94F3D321-76EC-48DA-B7F5-0E2910C4351A}.Ad-Hoc|iPhoneSimulator.Deploy.0 = Release|Any CPU
		{94F3D321-76EC-48DA-B7F5-0E2910C4351A}.AppStore|Any CPU.ActiveCfg = Release|Any CPU
		{94F3D321-76EC-48DA-B7F5-0E2910C4351A}.AppStore|Any CPU.Build.0 = Release|Any CPU
		{94F3D321-76EC-48DA-B7F5-0E2910C4351A}.AppStore|Any CPU.Deploy.0 = Release|Any CPU
		{94F3D321-76EC-48DA-B7F5-0E2910C4351A}.AppStore|iPhone.ActiveCfg = Release|Any CPU
		{94F3D321-76EC-48DA-B7F5-0E2910C4351A}.AppStore|iPhone.Build.0 = Release|Any CPU
		{94F3D321-76EC-48DA-B7F5-0E2910C4351A}.AppStore|iPhone.Deploy.0 = Release|Any CPU
		{94F3D321-76EC-48DA-B7F5-0E2910C4351A}.AppStore|iPhoneSimulator.ActiveCfg = Release|Any CPU
		{94F3D321-76EC-48DA-B7F5-0E2910C4351A}.AppStore|iPhoneSimulator.Build.0 = Release|Any CPU
		{94F3D321-76EC-48DA-B7F5-0E2910C4351A}.AppStore|iPhoneSimulator.Deploy.0 = Release|Any CPU
		{94F3D321-76EC-48DA-B7F5-0E2910C4351A}.Debug|Any CPU.ActiveCfg = Debug|Any CPU
		{94F3D321-76EC-48DA-B7F5-0E2910C4351A}.Debug|Any CPU.Build.0 = Debug|Any CPU
		{94F3D321-76EC-48DA-B7F5-0E2910C4351A}.Debug|Any CPU.Deploy.0 = Debug|Any CPU
		{94F3D321-76EC-48DA-B7F5-0E2910C4351A}.Debug|iPhone.ActiveCfg = Debug|Any CPU
		{94F3D321-76EC-48DA-B7F5-0E2910C4351A}.Debug|iPhone.Build.0 = Debug|Any CPU
		{94F3D321-76EC-48DA-B7F5-0E2910C4351A}.Debug|iPhone.Deploy.0 = Debug|Any CPU
		{94F3D321-76EC-48DA-B7F5-0E2910C4351A}.Debug|iPhoneSimulator.ActiveCfg = Debug|Any CPU
		{94F3D321-76EC-48DA-B7F5-0E2910C4351A}.Debug|iPhoneSimulator.Build.0 = Debug|Any CPU
		{94F3D321-76EC-48DA-B7F5-0E2910C4351A}.Debug|iPhoneSimulator.Deploy.0 = Debug|Any CPU
		{94F3D321-76EC-48DA-B7F5-0E2910C4351A}.Release|Any CPU.ActiveCfg = Release|Any CPU
		{94F3D321-76EC-48DA-B7F5-0E2910C4351A}.Release|Any CPU.Build.0 = Release|Any CPU
		{94F3D321-76EC-48DA-B7F5-0E2910C4351A}.Release|Any CPU.Deploy.0 = Release|Any CPU
		{94F3D321-76EC-48DA-B7F5-0E2910C4351A}.Release|iPhone.ActiveCfg = Release|Any CPU
		{94F3D321-76EC-48DA-B7F5-0E2910C4351A}.Release|iPhone.Build.0 = Release|Any CPU
		{94F3D321-76EC-48DA-B7F5-0E2910C4351A}.Release|iPhone.Deploy.0 = Release|Any CPU
		{94F3D321-76EC-48DA-B7F5-0E2910C4351A}.Release|iPhoneSimulator.ActiveCfg = Release|Any CPU
		{94F3D321-76EC-48DA-B7F5-0E2910C4351A}.Release|iPhoneSimulator.Build.0 = Release|Any CPU
		{94F3D321-76EC-48DA-B7F5-0E2910C4351A}.Release|iPhoneSimulator.Deploy.0 = Release|Any CPU
		{2FDD1647-BAE8-4F85-A060-6CC993D56D5C}.Ad-Hoc|Any CPU.ActiveCfg = Ad-Hoc|iPhone
		{2FDD1647-BAE8-4F85-A060-6CC993D56D5C}.Ad-Hoc|iPhone.ActiveCfg = Ad-Hoc|iPhone
		{2FDD1647-BAE8-4F85-A060-6CC993D56D5C}.Ad-Hoc|iPhone.Build.0 = Ad-Hoc|iPhone
		{2FDD1647-BAE8-4F85-A060-6CC993D56D5C}.Ad-Hoc|iPhoneSimulator.ActiveCfg = Ad-Hoc|iPhoneSimulator
		{2FDD1647-BAE8-4F85-A060-6CC993D56D5C}.Ad-Hoc|iPhoneSimulator.Build.0 = Ad-Hoc|iPhoneSimulator
		{2FDD1647-BAE8-4F85-A060-6CC993D56D5C}.AppStore|Any CPU.ActiveCfg = AppStore|iPhone
		{2FDD1647-BAE8-4F85-A060-6CC993D56D5C}.AppStore|iPhone.ActiveCfg = AppStore|iPhone
		{2FDD1647-BAE8-4F85-A060-6CC993D56D5C}.AppStore|iPhone.Build.0 = AppStore|iPhone
		{2FDD1647-BAE8-4F85-A060-6CC993D56D5C}.AppStore|iPhoneSimulator.ActiveCfg = AppStore|iPhoneSimulator
		{2FDD1647-BAE8-4F85-A060-6CC993D56D5C}.AppStore|iPhoneSimulator.Build.0 = AppStore|iPhoneSimulator
		{2FDD1647-BAE8-4F85-A060-6CC993D56D5C}.Debug|Any CPU.ActiveCfg = Debug|iPhone
		{2FDD1647-BAE8-4F85-A060-6CC993D56D5C}.Debug|iPhone.ActiveCfg = Debug|iPhone
		{2FDD1647-BAE8-4F85-A060-6CC993D56D5C}.Debug|iPhone.Build.0 = Debug|iPhone
		{2FDD1647-BAE8-4F85-A060-6CC993D56D5C}.Debug|iPhoneSimulator.ActiveCfg = Debug|iPhoneSimulator
		{2FDD1647-BAE8-4F85-A060-6CC993D56D5C}.Debug|iPhoneSimulator.Build.0 = Debug|iPhoneSimulator
		{2FDD1647-BAE8-4F85-A060-6CC993D56D5C}.Release|Any CPU.ActiveCfg = Release|iPhone
		{2FDD1647-BAE8-4F85-A060-6CC993D56D5C}.Release|iPhone.ActiveCfg = Release|iPhone
		{2FDD1647-BAE8-4F85-A060-6CC993D56D5C}.Release|iPhone.Build.0 = Release|iPhone
		{2FDD1647-BAE8-4F85-A060-6CC993D56D5C}.Release|iPhoneSimulator.ActiveCfg = Release|iPhoneSimulator
		{2FDD1647-BAE8-4F85-A060-6CC993D56D5C}.Release|iPhoneSimulator.Build.0 = Release|iPhoneSimulator
	EndGlobalSection
	GlobalSection(SolutionProperties) = preSolution
		HideSolutionNode = FALSE
	EndGlobalSection
EndGlobal
